
Microsoft Visual Studio Solution File, Format Version 12.00
# Visual Studio Version 16
VisualStudioVersion = 16.0.32802.440
MinimumVisualStudioVersion = 10.0.40219.1
Project("{FAE04EC0-301F-11D3-BF4B-00C04F79EFBC}") = "SistemaAsistencia", "SistemaAsistencia\SistemaAsistencia.csproj", "{FE06EF1B-870D-4EEF-BACF-16F00AFB7497}"
EndProject
Global
	GlobalSection(SolutionConfigurationPlatforms) = preSolution
		Debug|Any CPU = Debug|Any CPU
		Release|Any CPU = Release|Any CPU
	EndGlobalSection
	GlobalSection(ProjectConfigurationPlatforms) = postSolution
		{FE06EF1B-870D-4EEF-BACF-16F00AFB7497}.Debug|Any CPU.ActiveCfg = Debug|Any CPU
		{FE06EF1B-870D-4EEF-BACF-16F00AFB7497}.Debug|Any CPU.Build.0 = Debug|Any CPU
		{FE06EF1B-870D-4EEF-BACF-16F00AFB7497}.Release|Any CPU.ActiveCfg = Release|Any CPU
		{FE06EF1B-870D-4EEF-BACF-16F00AFB7497}.Release|Any CPU.Build.0 = Release|Any CPU
	EndGlobalSection
	GlobalSection(SolutionProperties) = preSolution
		HideSolutionNode = FALSE
	EndGlobalSection
	GlobalSection(ExtensibilityGlobals) = postSolution
		SolutionGuid = {49A8B247-4B23-4EA4-83FE-C142FD5A5999}
	EndGlobalSection
EndGlobal
